// !$*UTF8*$!
{
	archiveVersion = 1;
	classes = {
	};
	objectVersion = 46;
	objects = {

/* Begin PBXBuildFile section */
		8823107C1ADD50AA00016DBE /* AppDelegate.swift in Sources */ = {isa = PBXBuildFile; fileRef = 8823107B1ADD50AA00016DBE /* AppDelegate.swift */; };
		882310811ADD50AA00016DBE /* Main.storyboard in Resources */ = {isa = PBXBuildFile; fileRef = 8823107F1ADD50AA00016DBE /* Main.storyboard */; };
		882310831ADD50AA00016DBE /* Images.xcassets in Resources */ = {isa = PBXBuildFile; fileRef = 882310821ADD50AA00016DBE /* Images.xcassets */; };
		882310861ADD50AA00016DBE /* LaunchScreen.xib in Resources */ = {isa = PBXBuildFile; fileRef = 882310841ADD50AA00016DBE /* LaunchScreen.xib */; };
		882310921ADD50AA00016DBE /* QuotablesTests.swift in Sources */ = {isa = PBXBuildFile; fileRef = 882310911ADD50AA00016DBE /* QuotablesTests.swift */; };
		882310A21ADD50C900016DBE /* Bolts.framework in Frameworks */ = {isa = PBXBuildFile; fileRef = 8823109C1ADD50C900016DBE /* Bolts.framework */; };
		882310A31ADD50C900016DBE /* Parse.framework in Frameworks */ = {isa = PBXBuildFile; fileRef = 8823109D1ADD50C900016DBE /* Parse.framework */; };
		882310A41ADD50C900016DBE /* ParseCrashReporting.framework in Frameworks */ = {isa = PBXBuildFile; fileRef = 8823109E1ADD50C900016DBE /* ParseCrashReporting.framework */; };
		882310A51ADD50C900016DBE /* ParseFacebookUtils.framework in Frameworks */ = {isa = PBXBuildFile; fileRef = 8823109F1ADD50C900016DBE /* ParseFacebookUtils.framework */; };
		882310A61ADD50C900016DBE /* ParseFacebookUtilsV4.framework in Frameworks */ = {isa = PBXBuildFile; fileRef = 882310A01ADD50C900016DBE /* ParseFacebookUtilsV4.framework */; };
		882310A71ADD50C900016DBE /* ParseUI.framework in Frameworks */ = {isa = PBXBuildFile; fileRef = 882310A11ADD50C900016DBE /* ParseUI.framework */; };
		882310A91ADD50E800016DBE /* libz.dylib in Frameworks */ = {isa = PBXBuildFile; fileRef = 882310A81ADD50E800016DBE /* libz.dylib */; };
		882310AB1ADD50ED00016DBE /* libsqlite3.dylib in Frameworks */ = {isa = PBXBuildFile; fileRef = 882310AA1ADD50ED00016DBE /* libsqlite3.dylib */; };
		882310AD1ADD50FA00016DBE /* SystemConfiguration.framework in Frameworks */ = {isa = PBXBuildFile; fileRef = 882310AC1ADD50FA00016DBE /* SystemConfiguration.framework */; };
		882310B11ADD510300016DBE /* Security.framework in Frameworks */ = {isa = PBXBuildFile; fileRef = 882310B01ADD510300016DBE /* Security.framework */; };
		882310B31ADD510700016DBE /* QuartzCore.framework in Frameworks */ = {isa = PBXBuildFile; fileRef = 882310B21ADD510700016DBE /* QuartzCore.framework */; };
		882310B51ADD510C00016DBE /* MobileCoreServices.framework in Frameworks */ = {isa = PBXBuildFile; fileRef = 882310B41ADD510C00016DBE /* MobileCoreServices.framework */; };
		882310B71ADD511200016DBE /* CoreLocation.framework in Frameworks */ = {isa = PBXBuildFile; fileRef = 882310B61ADD511200016DBE /* CoreLocation.framework */; };
		882310B91ADD511800016DBE /* CFNetwork.framework in Frameworks */ = {isa = PBXBuildFile; fileRef = 882310B81ADD511800016DBE /* CFNetwork.framework */; };
		882310BB1ADD511C00016DBE /* AudioToolbox.framework in Frameworks */ = {isa = PBXBuildFile; fileRef = 882310BA1ADD511C00016DBE /* AudioToolbox.framework */; };
		882310BE1ADD514900016DBE /* DetailViewController.swift in Sources */ = {isa = PBXBuildFile; fileRef = 882310BC1ADD514900016DBE /* DetailViewController.swift */; };
		882310BF1ADD514900016DBE /* RootViewController.swift in Sources */ = {isa = PBXBuildFile; fileRef = 882310BD1ADD514900016DBE /* RootViewController.swift */; };
		882310C11ADD515A00016DBE /* Quote.swift in Sources */ = {isa = PBXBuildFile; fileRef = 882310C01ADD515A00016DBE /* Quote.swift */; };
		882310CB1ADD524D00016DBE /* ShareViewController.swift in Sources */ = {isa = PBXBuildFile; fileRef = 882310CA1ADD524D00016DBE /* ShareViewController.swift */; };
		882310CD1ADD524D00016DBE /* MainInterface.storyboard in Resources */ = {isa = PBXBuildFile; fileRef = 882310CC1ADD524D00016DBE /* MainInterface.storyboard */; };
		882310D11ADD524D00016DBE /* QuotableShare.appex in Embed App Extensions */ = {isa = PBXBuildFile; fileRef = 882310C61ADD524D00016DBE /* QuotableShare.appex */; settings = {ATTRIBUTES = (RemoveHeadersOnCopy, ); }; };
		882310D51ADD548C00016DBE /* AudioToolbox.framework in Frameworks */ = {isa = PBXBuildFile; fileRef = 882310BA1ADD511C00016DBE /* AudioToolbox.framework */; };
		882310D61ADD548C00016DBE /* CFNetwork.framework in Frameworks */ = {isa = PBXBuildFile; fileRef = 882310B81ADD511800016DBE /* CFNetwork.framework */; };
		882310D71ADD548C00016DBE /* CoreLocation.framework in Frameworks */ = {isa = PBXBuildFile; fileRef = 882310B61ADD511200016DBE /* CoreLocation.framework */; };
		882310D81ADD548C00016DBE /* MobileCoreServices.framework in Frameworks */ = {isa = PBXBuildFile; fileRef = 882310B41ADD510C00016DBE /* MobileCoreServices.framework */; };
		882310D91ADD548C00016DBE /* QuartzCore.framework in Frameworks */ = {isa = PBXBuildFile; fileRef = 882310B21ADD510700016DBE /* QuartzCore.framework */; };
		882310DA1ADD548C00016DBE /* Security.framework in Frameworks */ = {isa = PBXBuildFile; fileRef = 882310B01ADD510300016DBE /* Security.framework */; };
		882310DC1ADD548C00016DBE /* SystemConfiguration.framework in Frameworks */ = {isa = PBXBuildFile; fileRef = 882310AC1ADD50FA00016DBE /* SystemConfiguration.framework */; };
		882310DD1ADD548C00016DBE /* libsqlite3.dylib in Frameworks */ = {isa = PBXBuildFile; fileRef = 882310AA1ADD50ED00016DBE /* libsqlite3.dylib */; };
		882310DE1ADD548C00016DBE /* libz.dylib in Frameworks */ = {isa = PBXBuildFile; fileRef = 882310A81ADD50E800016DBE /* libz.dylib */; };
		882310DF1ADD548C00016DBE /* Bolts.framework in Frameworks */ = {isa = PBXBuildFile; fileRef = 8823109C1ADD50C900016DBE /* Bolts.framework */; };
		882310E01ADD548C00016DBE /* Parse.framework in Frameworks */ = {isa = PBXBuildFile; fileRef = 8823109D1ADD50C900016DBE /* Parse.framework */; };
		882310E11ADD548C00016DBE /* ParseCrashReporting.framework in Frameworks */ = {isa = PBXBuildFile; fileRef = 8823109E1ADD50C900016DBE /* ParseCrashReporting.framework */; };
		882310E21ADD548C00016DBE /* ParseFacebookUtils.framework in Frameworks */ = {isa = PBXBuildFile; fileRef = 8823109F1ADD50C900016DBE /* ParseFacebookUtils.framework */; };
		882310E31ADD548C00016DBE /* ParseFacebookUtilsV4.framework in Frameworks */ = {isa = PBXBuildFile; fileRef = 882310A01ADD50C900016DBE /* ParseFacebookUtilsV4.framework */; };
		882310E41ADD548C00016DBE /* ParseUI.framework in Frameworks */ = {isa = PBXBuildFile; fileRef = 882310A11ADD50C900016DBE /* ParseUI.framework */; };
		882310E71ADD550600016DBE /* Quote.swift in Sources */ = {isa = PBXBuildFile; fileRef = 882310C01ADD515A00016DBE /* Quote.swift */; };
		882310F21ADD569F00016DBE /* NotificationCenter.framework in Frameworks */ = {isa = PBXBuildFile; fileRef = 882310F11ADD569F00016DBE /* NotificationCenter.framework */; };
		882310F71ADD569F00016DBE /* TodayViewController.swift in Sources */ = {isa = PBXBuildFile; fileRef = 882310F61ADD569F00016DBE /* TodayViewController.swift */; };
		882310F91ADD569F00016DBE /* MainInterface.storyboard in Resources */ = {isa = PBXBuildFile; fileRef = 882310F81ADD569F00016DBE /* MainInterface.storyboard */; };
		882310FC1ADD569F00016DBE /* QuotablesToday.appex in Embed App Extensions */ = {isa = PBXBuildFile; fileRef = 882310F01ADD569F00016DBE /* QuotablesToday.appex */; settings = {ATTRIBUTES = (RemoveHeadersOnCopy, ); }; };
		882311001ADD56AF00016DBE /* AudioToolbox.framework in Frameworks */ = {isa = PBXBuildFile; fileRef = 882310BA1ADD511C00016DBE /* AudioToolbox.framework */; };
		882311011ADD56AF00016DBE /* CFNetwork.framework in Frameworks */ = {isa = PBXBuildFile; fileRef = 882310B81ADD511800016DBE /* CFNetwork.framework */; };
		882311021ADD56AF00016DBE /* CoreLocation.framework in Frameworks */ = {isa = PBXBuildFile; fileRef = 882310B61ADD511200016DBE /* CoreLocation.framework */; };
		882311031ADD56AF00016DBE /* MobileCoreServices.framework in Frameworks */ = {isa = PBXBuildFile; fileRef = 882310B41ADD510C00016DBE /* MobileCoreServices.framework */; };
		882311041ADD56AF00016DBE /* QuartzCore.framework in Frameworks */ = {isa = PBXBuildFile; fileRef = 882310B21ADD510700016DBE /* QuartzCore.framework */; };
		882311051ADD56AF00016DBE /* Security.framework in Frameworks */ = {isa = PBXBuildFile; fileRef = 882310B01ADD510300016DBE /* Security.framework */; };
		882311061ADD56AF00016DBE /* SystemConfiguration.framework in Frameworks */ = {isa = PBXBuildFile; fileRef = 882310AC1ADD50FA00016DBE /* SystemConfiguration.framework */; };
		882311071ADD56AF00016DBE /* libsqlite3.dylib in Frameworks */ = {isa = PBXBuildFile; fileRef = 882310AA1ADD50ED00016DBE /* libsqlite3.dylib */; };
		882311081ADD56AF00016DBE /* libz.dylib in Frameworks */ = {isa = PBXBuildFile; fileRef = 882310A81ADD50E800016DBE /* libz.dylib */; };
		882311091ADD56AF00016DBE /* Bolts.framework in Frameworks */ = {isa = PBXBuildFile; fileRef = 8823109C1ADD50C900016DBE /* Bolts.framework */; };
		8823110A1ADD56AF00016DBE /* Parse.framework in Frameworks */ = {isa = PBXBuildFile; fileRef = 8823109D1ADD50C900016DBE /* Parse.framework */; };
		8823110B1ADD56AF00016DBE /* ParseCrashReporting.framework in Frameworks */ = {isa = PBXBuildFile; fileRef = 8823109E1ADD50C900016DBE /* ParseCrashReporting.framework */; };
		8823110C1ADD56AF00016DBE /* ParseFacebookUtils.framework in Frameworks */ = {isa = PBXBuildFile; fileRef = 8823109F1ADD50C900016DBE /* ParseFacebookUtils.framework */; };
		8823110D1ADD56AF00016DBE /* ParseFacebookUtilsV4.framework in Frameworks */ = {isa = PBXBuildFile; fileRef = 882310A01ADD50C900016DBE /* ParseFacebookUtilsV4.framework */; };
		8823110E1ADD56AF00016DBE /* ParseUI.framework in Frameworks */ = {isa = PBXBuildFile; fileRef = 882310A11ADD50C900016DBE /* ParseUI.framework */; };
		8823110F1ADD56B500016DBE /* Quote.swift in Sources */ = {isa = PBXBuildFile; fileRef = 882310C01ADD515A00016DBE /* Quote.swift */; };
		8864F3431ADD714400CA0AA2 /* Utilities.swift in Sources */ = {isa = PBXBuildFile; fileRef = 8864F3421ADD714400CA0AA2 /* Utilities.swift */; };
		8864F3441ADD71A800CA0AA2 /* Utilities.swift in Sources */ = {isa = PBXBuildFile; fileRef = 8864F3421ADD714400CA0AA2 /* Utilities.swift */; };
		8864F3451ADD721500CA0AA2 /* Utilities.swift in Sources */ = {isa = PBXBuildFile; fileRef = 8864F3421ADD714400CA0AA2 /* Utilities.swift */; };
/* End PBXBuildFile section */

/* Begin PBXContainerItemProxy section */
		8823108C1ADD50AA00016DBE /* PBXContainerItemProxy */ = {
			isa = PBXContainerItemProxy;
			containerPortal = 8823106E1ADD50AA00016DBE /* Project object */;
			proxyType = 1;
			remoteGlobalIDString = 882310751ADD50AA00016DBE;
			remoteInfo = Quotables;
		};
		882310CE1ADD524D00016DBE /* PBXContainerItemProxy */ = {
			isa = PBXContainerItemProxy;
			containerPortal = 8823106E1ADD50AA00016DBE /* Project object */;
			proxyType = 1;
			remoteGlobalIDString = 882310C51ADD524D00016DBE;
			remoteInfo = QuotableShare;
		};
		882310FA1ADD569F00016DBE /* PBXContainerItemProxy */ = {
			isa = PBXContainerItemProxy;
			containerPortal = 8823106E1ADD50AA00016DBE /* Project object */;
			proxyType = 1;
			remoteGlobalIDString = 882310EF1ADD569F00016DBE;
			remoteInfo = QuotablesToday;
		};
/* End PBXContainerItemProxy section */

/* Begin PBXCopyFilesBuildPhase section */
		882310D01ADD524D00016DBE /* Embed App Extensions */ = {
			isa = PBXCopyFilesBuildPhase;
			buildActionMask = 2147483647;
			dstPath = "";
			dstSubfolderSpec = 13;
			files = (
				882310D11ADD524D00016DBE /* QuotableShare.appex in Embed App Extensions */,
				882310FC1ADD569F00016DBE /* QuotablesToday.appex in Embed App Extensions */,
			);
			name = "Embed App Extensions";
			runOnlyForDeploymentPostprocessing = 0;
		};
/* End PBXCopyFilesBuildPhase section */

/* Begin PBXFileReference section */
		882310761ADD50AA00016DBE /* Quotables.app */ = {isa = PBXFileReference; explicitFileType = wrapper.application; includeInIndex = 0; path = Quotables.app; sourceTree = BUILT_PRODUCTS_DIR; };
		8823107A1ADD50AA00016DBE /* Info.plist */ = {isa = PBXFileReference; lastKnownFileType = text.plist.xml; path = Info.plist; sourceTree = "<group>"; };
		8823107B1ADD50AA00016DBE /* AppDelegate.swift */ = {isa = PBXFileReference; lastKnownFileType = sourcecode.swift; path = AppDelegate.swift; sourceTree = "<group>"; };
		882310801ADD50AA00016DBE /* Base */ = {isa = PBXFileReference; lastKnownFileType = file.storyboard; name = Base; path = Base.lproj/Main.storyboard; sourceTree = "<group>"; };
		882310821ADD50AA00016DBE /* Images.xcassets */ = {isa = PBXFileReference; lastKnownFileType = folder.assetcatalog; path = Images.xcassets; sourceTree = "<group>"; };
		882310851ADD50AA00016DBE /* Base */ = {isa = PBXFileReference; lastKnownFileType = file.xib; name = Base; path = Base.lproj/LaunchScreen.xib; sourceTree = "<group>"; };
		8823108B1ADD50AA00016DBE /* QuotablesTests.xctest */ = {isa = PBXFileReference; explicitFileType = wrapper.cfbundle; includeInIndex = 0; path = QuotablesTests.xctest; sourceTree = BUILT_PRODUCTS_DIR; };
		882310901ADD50AA00016DBE /* Info.plist */ = {isa = PBXFileReference; lastKnownFileType = text.plist.xml; path = Info.plist; sourceTree = "<group>"; };
		882310911ADD50AA00016DBE /* QuotablesTests.swift */ = {isa = PBXFileReference; lastKnownFileType = sourcecode.swift; path = QuotablesTests.swift; sourceTree = "<group>"; };
		8823109C1ADD50C900016DBE /* Bolts.framework */ = {isa = PBXFileReference; lastKnownFileType = wrapper.framework; path = Bolts.framework; sourceTree = "<group>"; };
		8823109D1ADD50C900016DBE /* Parse.framework */ = {isa = PBXFileReference; lastKnownFileType = wrapper.framework; path = Parse.framework; sourceTree = "<group>"; };
		8823109E1ADD50C900016DBE /* ParseCrashReporting.framework */ = {isa = PBXFileReference; lastKnownFileType = wrapper.framework; path = ParseCrashReporting.framework; sourceTree = "<group>"; };
		8823109F1ADD50C900016DBE /* ParseFacebookUtils.framework */ = {isa = PBXFileReference; lastKnownFileType = wrapper.framework; path = ParseFacebookUtils.framework; sourceTree = "<group>"; };
		882310A01ADD50C900016DBE /* ParseFacebookUtilsV4.framework */ = {isa = PBXFileReference; lastKnownFileType = wrapper.framework; path = ParseFacebookUtilsV4.framework; sourceTree = "<group>"; };
		882310A11ADD50C900016DBE /* ParseUI.framework */ = {isa = PBXFileReference; lastKnownFileType = wrapper.framework; path = ParseUI.framework; sourceTree = "<group>"; };
		882310A81ADD50E800016DBE /* libz.dylib */ = {isa = PBXFileReference; lastKnownFileType = "compiled.mach-o.dylib"; name = libz.dylib; path = usr/lib/libz.dylib; sourceTree = SDKROOT; };
		882310AA1ADD50ED00016DBE /* libsqlite3.dylib */ = {isa = PBXFileReference; lastKnownFileType = "compiled.mach-o.dylib"; name = libsqlite3.dylib; path = usr/lib/libsqlite3.dylib; sourceTree = SDKROOT; };
		882310AC1ADD50FA00016DBE /* SystemConfiguration.framework */ = {isa = PBXFileReference; lastKnownFileType = wrapper.framework; name = SystemConfiguration.framework; path = System/Library/Frameworks/SystemConfiguration.framework; sourceTree = SDKROOT; };
		882310B01ADD510300016DBE /* Security.framework */ = {isa = PBXFileReference; lastKnownFileType = wrapper.framework; name = Security.framework; path = System/Library/Frameworks/Security.framework; sourceTree = SDKROOT; };
		882310B21ADD510700016DBE /* QuartzCore.framework */ = {isa = PBXFileReference; lastKnownFileType = wrapper.framework; name = QuartzCore.framework; path = System/Library/Frameworks/QuartzCore.framework; sourceTree = SDKROOT; };
		882310B41ADD510C00016DBE /* MobileCoreServices.framework */ = {isa = PBXFileReference; lastKnownFileType = wrapper.framework; name = MobileCoreServices.framework; path = System/Library/Frameworks/MobileCoreServices.framework; sourceTree = SDKROOT; };
		882310B61ADD511200016DBE /* CoreLocation.framework */ = {isa = PBXFileReference; lastKnownFileType = wrapper.framework; name = CoreLocation.framework; path = System/Library/Frameworks/CoreLocation.framework; sourceTree = SDKROOT; };
		882310B81ADD511800016DBE /* CFNetwork.framework */ = {isa = PBXFileReference; lastKnownFileType = wrapper.framework; name = CFNetwork.framework; path = System/Library/Frameworks/CFNetwork.framework; sourceTree = SDKROOT; };
		882310BA1ADD511C00016DBE /* AudioToolbox.framework */ = {isa = PBXFileReference; lastKnownFileType = wrapper.framework; name = AudioToolbox.framework; path = System/Library/Frameworks/AudioToolbox.framework; sourceTree = SDKROOT; };
		882310BC1ADD514900016DBE /* DetailViewController.swift */ = {isa = PBXFileReference; fileEncoding = 4; lastKnownFileType = sourcecode.swift; path = DetailViewController.swift; sourceTree = "<group>"; };
		882310BD1ADD514900016DBE /* RootViewController.swift */ = {isa = PBXFileReference; fileEncoding = 4; lastKnownFileType = sourcecode.swift; path = RootViewController.swift; sourceTree = "<group>"; };
		882310C01ADD515A00016DBE /* Quote.swift */ = {isa = PBXFileReference; fileEncoding = 4; lastKnownFileType = sourcecode.swift; path = Quote.swift; sourceTree = "<group>"; };
		882310C61ADD524D00016DBE /* QuotableShare.appex */ = {isa = PBXFileReference; explicitFileType = "wrapper.app-extension"; includeInIndex = 0; path = QuotableShare.appex; sourceTree = BUILT_PRODUCTS_DIR; };
		882310C91ADD524D00016DBE /* Info.plist */ = {isa = PBXFileReference; lastKnownFileType = text.plist.xml; path = Info.plist; sourceTree = "<group>"; };
		882310CA1ADD524D00016DBE /* ShareViewController.swift */ = {isa = PBXFileReference; lastKnownFileType = sourcecode.swift; path = ShareViewController.swift; sourceTree = "<group>"; };
		882310CC1ADD524D00016DBE /* MainInterface.storyboard */ = {isa = PBXFileReference; lastKnownFileType = file.storyboard; path = MainInterface.storyboard; sourceTree = "<group>"; };
		882310E51ADD54D700016DBE /* QuotableShare.entitlements */ = {isa = PBXFileReference; lastKnownFileType = text.xml; path = QuotableShare.entitlements; sourceTree = "<group>"; };
		882310E61ADD54E600016DBE /* Quotables.entitlements */ = {isa = PBXFileReference; lastKnownFileType = text.xml; path = Quotables.entitlements; sourceTree = "<group>"; };
		882310F01ADD569F00016DBE /* QuotablesToday.appex */ = {isa = PBXFileReference; explicitFileType = "wrapper.app-extension"; includeInIndex = 0; path = QuotablesToday.appex; sourceTree = BUILT_PRODUCTS_DIR; };
		882310F11ADD569F00016DBE /* NotificationCenter.framework */ = {isa = PBXFileReference; lastKnownFileType = wrapper.framework; name = NotificationCenter.framework; path = System/Library/Frameworks/NotificationCenter.framework; sourceTree = SDKROOT; };
		882310F51ADD569F00016DBE /* Info.plist */ = {isa = PBXFileReference; lastKnownFileType = text.plist.xml; path = Info.plist; sourceTree = "<group>"; };
		882310F61ADD569F00016DBE /* TodayViewController.swift */ = {isa = PBXFileReference; lastKnownFileType = sourcecode.swift; path = TodayViewController.swift; sourceTree = "<group>"; };
		882310F81ADD569F00016DBE /* MainInterface.storyboard */ = {isa = PBXFileReference; lastKnownFileType = file.storyboard; path = MainInterface.storyboard; sourceTree = "<group>"; };
		88245AA31AE5653700BFF453 /* Quotables-Bridging-Header.h */ = {isa = PBXFileReference; lastKnownFileType = sourcecode.c.h; path = "Quotables-Bridging-Header.h"; sourceTree = "<group>"; };
		8864F3421ADD714400CA0AA2 /* Utilities.swift */ = {isa = PBXFileReference; fileEncoding = 4; lastKnownFileType = sourcecode.swift; path = Utilities.swift; sourceTree = "<group>"; };
/* End PBXFileReference section */

/* Begin PBXFrameworksBuildPhase section */
		882310731ADD50AA00016DBE /* Frameworks */ = {
			isa = PBXFrameworksBuildPhase;
			buildActionMask = 2147483647;
			files = (
				882310BB1ADD511C00016DBE /* AudioToolbox.framework in Frameworks */,
				882310B91ADD511800016DBE /* CFNetwork.framework in Frameworks */,
				882310B71ADD511200016DBE /* CoreLocation.framework in Frameworks */,
				882310B51ADD510C00016DBE /* MobileCoreServices.framework in Frameworks */,
				882310B31ADD510700016DBE /* QuartzCore.framework in Frameworks */,
				882310B11ADD510300016DBE /* Security.framework in Frameworks */,
				882310AD1ADD50FA00016DBE /* SystemConfiguration.framework in Frameworks */,
				882310AB1ADD50ED00016DBE /* libsqlite3.dylib in Frameworks */,
				882310A91ADD50E800016DBE /* libz.dylib in Frameworks */,
				882310A71ADD50C900016DBE /* ParseUI.framework in Frameworks */,
				882310A31ADD50C900016DBE /* Parse.framework in Frameworks */,
				882310A41ADD50C900016DBE /* ParseCrashReporting.framework in Frameworks */,
				882310A51ADD50C900016DBE /* ParseFacebookUtils.framework in Frameworks */,
				882310A21ADD50C900016DBE /* Bolts.framework in Frameworks */,
				882310A61ADD50C900016DBE /* ParseFacebookUtilsV4.framework in Frameworks */,
			);
			runOnlyForDeploymentPostprocessing = 0;
		};
		882310881ADD50AA00016DBE /* Frameworks */ = {
			isa = PBXFrameworksBuildPhase;
			buildActionMask = 2147483647;
			files = (
			);
			runOnlyForDeploymentPostprocessing = 0;
		};
		882310C31ADD524D00016DBE /* Frameworks */ = {
			isa = PBXFrameworksBuildPhase;
			buildActionMask = 2147483647;
			files = (
				882310D51ADD548C00016DBE /* AudioToolbox.framework in Frameworks */,
				882310D61ADD548C00016DBE /* CFNetwork.framework in Frameworks */,
				882310D71ADD548C00016DBE /* CoreLocation.framework in Frameworks */,
				882310D81ADD548C00016DBE /* MobileCoreServices.framework in Frameworks */,
				882310D91ADD548C00016DBE /* QuartzCore.framework in Frameworks */,
				882310DA1ADD548C00016DBE /* Security.framework in Frameworks */,
				882310DC1ADD548C00016DBE /* SystemConfiguration.framework in Frameworks */,
				882310DD1ADD548C00016DBE /* libsqlite3.dylib in Frameworks */,
				882310DE1ADD548C00016DBE /* libz.dylib in Frameworks */,
				882310DF1ADD548C00016DBE /* Bolts.framework in Frameworks */,
				882310E01ADD548C00016DBE /* Parse.framework in Frameworks */,
				882310E11ADD548C00016DBE /* ParseCrashReporting.framework in Frameworks */,
				882310E21ADD548C00016DBE /* ParseFacebookUtils.framework in Frameworks */,
				882310E31ADD548C00016DBE /* ParseFacebookUtilsV4.framework in Frameworks */,
				882310E41ADD548C00016DBE /* ParseUI.framework in Frameworks */,
			);
			runOnlyForDeploymentPostprocessing = 0;
		};
		882310ED1ADD569F00016DBE /* Frameworks */ = {
			isa = PBXFrameworksBuildPhase;
			buildActionMask = 2147483647;
			files = (
				882310F21ADD569F00016DBE /* NotificationCenter.framework in Frameworks */,
				882311001ADD56AF00016DBE /* AudioToolbox.framework in Frameworks */,
				882311011ADD56AF00016DBE /* CFNetwork.framework in Frameworks */,
				882311021ADD56AF00016DBE /* CoreLocation.framework in Frameworks */,
				882311031ADD56AF00016DBE /* MobileCoreServices.framework in Frameworks */,
				882311041ADD56AF00016DBE /* QuartzCore.framework in Frameworks */,
				882311051ADD56AF00016DBE /* Security.framework in Frameworks */,
				882311061ADD56AF00016DBE /* SystemConfiguration.framework in Frameworks */,
				882311071ADD56AF00016DBE /* libsqlite3.dylib in Frameworks */,
				882311081ADD56AF00016DBE /* libz.dylib in Frameworks */,
				882311091ADD56AF00016DBE /* Bolts.framework in Frameworks */,
				8823110A1ADD56AF00016DBE /* Parse.framework in Frameworks */,
				8823110B1ADD56AF00016DBE /* ParseCrashReporting.framework in Frameworks */,
				8823110C1ADD56AF00016DBE /* ParseFacebookUtils.framework in Frameworks */,
				8823110D1ADD56AF00016DBE /* ParseFacebookUtilsV4.framework in Frameworks */,
				8823110E1ADD56AF00016DBE /* ParseUI.framework in Frameworks */,
			);
			runOnlyForDeploymentPostprocessing = 0;
		};
/* End PBXFrameworksBuildPhase section */

/* Begin PBXGroup section */
		8823106D1ADD50AA00016DBE = {
			isa = PBXGroup;
			children = (
				882310781ADD50AA00016DBE /* Quotables */,
				8823108E1ADD50AA00016DBE /* QuotablesTests */,
				882310C71ADD524D00016DBE /* QuotableShare */,
				882310F31ADD569F00016DBE /* QuotablesToday */,
				882310771ADD50AA00016DBE /* Products */,
				8823109B1ADD50B000016DBE /* Frameworks */,
			);
			sourceTree = "<group>";
		};
		882310771ADD50AA00016DBE /* Products */ = {
			isa = PBXGroup;
			children = (
				882310761ADD50AA00016DBE /* Quotables.app */,
				8823108B1ADD50AA00016DBE /* QuotablesTests.xctest */,
				882310C61ADD524D00016DBE /* QuotableShare.appex */,
				882310F01ADD569F00016DBE /* QuotablesToday.appex */,
			);
			name = Products;
			sourceTree = "<group>";
		};
		882310781ADD50AA00016DBE /* Quotables */ = {
			isa = PBXGroup;
			children = (
				8823107F1ADD50AA00016DBE /* Main.storyboard */,
				882310EA1ADD55B600016DBE /* Default */,
				882310E81ADD559B00016DBE /* Entities */,
				882310E91ADD55A700016DBE /* ViewControllers */,
				8864F3411ADD712E00CA0AA2 /* Utilities */,
			);
			path = Quotables;
			sourceTree = "<group>";
		};
		882310791ADD50AA00016DBE /* Supporting Files */ = {
			isa = PBXGroup;
			children = (
				8823107A1ADD50AA00016DBE /* Info.plist */,
				88245AA31AE5653700BFF453 /* Quotables-Bridging-Header.h */,
			);
			name = "Supporting Files";
			sourceTree = "<group>";
		};
		8823108E1ADD50AA00016DBE /* QuotablesTests */ = {
			isa = PBXGroup;
			children = (
				882310911ADD50AA00016DBE /* QuotablesTests.swift */,
				8823108F1ADD50AA00016DBE /* Supporting Files */,
			);
			path = QuotablesTests;
			sourceTree = "<group>";
		};
		8823108F1ADD50AA00016DBE /* Supporting Files */ = {
			isa = PBXGroup;
			children = (
				882310901ADD50AA00016DBE /* Info.plist */,
			);
			name = "Supporting Files";
			sourceTree = "<group>";
		};
		8823109B1ADD50B000016DBE /* Frameworks */ = {
			isa = PBXGroup;
			children = (
				882310BA1ADD511C00016DBE /* AudioToolbox.framework */,
				882310B81ADD511800016DBE /* CFNetwork.framework */,
				882310B61ADD511200016DBE /* CoreLocation.framework */,
				882310B41ADD510C00016DBE /* MobileCoreServices.framework */,
				882310B21ADD510700016DBE /* QuartzCore.framework */,
				882310B01ADD510300016DBE /* Security.framework */,
				882310AC1ADD50FA00016DBE /* SystemConfiguration.framework */,
				882310AA1ADD50ED00016DBE /* libsqlite3.dylib */,
				882310A81ADD50E800016DBE /* libz.dylib */,
				8823109C1ADD50C900016DBE /* Bolts.framework */,
				8823109D1ADD50C900016DBE /* Parse.framework */,
				8823109E1ADD50C900016DBE /* ParseCrashReporting.framework */,
				8823109F1ADD50C900016DBE /* ParseFacebookUtils.framework */,
				882310A01ADD50C900016DBE /* ParseFacebookUtilsV4.framework */,
				882310A11ADD50C900016DBE /* ParseUI.framework */,
				882310F11ADD569F00016DBE /* NotificationCenter.framework */,
			);
			name = Frameworks;
			sourceTree = "<group>";
		};
		882310C71ADD524D00016DBE /* QuotableShare */ = {
			isa = PBXGroup;
			children = (
				882310EB1ADD55D200016DBE /* Default */,
				882310CA1ADD524D00016DBE /* ShareViewController.swift */,
				882310CC1ADD524D00016DBE /* MainInterface.storyboard */,
			);
			path = QuotableShare;
			sourceTree = "<group>";
		};
		882310C81ADD524D00016DBE /* Supporting Files */ = {
			isa = PBXGroup;
			children = (
				882310C91ADD524D00016DBE /* Info.plist */,
			);
			name = "Supporting Files";
			sourceTree = "<group>";
		};
		882310E81ADD559B00016DBE /* Entities */ = {
			isa = PBXGroup;
			children = (
				882310C01ADD515A00016DBE /* Quote.swift */,
			);
			name = Entities;
			sourceTree = "<group>";
		};
		882310E91ADD55A700016DBE /* ViewControllers */ = {
			isa = PBXGroup;
			children = (
				882310BC1ADD514900016DBE /* DetailViewController.swift */,
				882310BD1ADD514900016DBE /* RootViewController.swift */,
			);
			name = ViewControllers;
			sourceTree = "<group>";
		};
		882310EA1ADD55B600016DBE /* Default */ = {
			isa = PBXGroup;
			children = (
				882310E61ADD54E600016DBE /* Quotables.entitlements */,
				8823107B1ADD50AA00016DBE /* AppDelegate.swift */,
				882310821ADD50AA00016DBE /* Images.xcassets */,
				882310841ADD50AA00016DBE /* LaunchScreen.xib */,
				882310791ADD50AA00016DBE /* Supporting Files */,
			);
			name = Default;
			sourceTree = "<group>";
		};
		882310EB1ADD55D200016DBE /* Default */ = {
			isa = PBXGroup;
			children = (
				882310E51ADD54D700016DBE /* QuotableShare.entitlements */,
				882310C81ADD524D00016DBE /* Supporting Files */,
			);
			name = Default;
			sourceTree = "<group>";
		};
		882310F31ADD569F00016DBE /* QuotablesToday */ = {
			isa = PBXGroup;
			children = (
				882310F61ADD569F00016DBE /* TodayViewController.swift */,
				882310F81ADD569F00016DBE /* MainInterface.storyboard */,
				882310F41ADD569F00016DBE /* Supporting Files */,
			);
			path = QuotablesToday;
			sourceTree = "<group>";
		};
		882310F41ADD569F00016DBE /* Supporting Files */ = {
			isa = PBXGroup;
			children = (
				882310F51ADD569F00016DBE /* Info.plist */,
			);
			name = "Supporting Files";
			sourceTree = "<group>";
		};
		8864F3411ADD712E00CA0AA2 /* Utilities */ = {
			isa = PBXGroup;
			children = (
				8864F3421ADD714400CA0AA2 /* Utilities.swift */,
			);
			name = Utilities;
			sourceTree = "<group>";
		};
/* End PBXGroup section */

/* Begin PBXNativeTarget section */
		882310751ADD50AA00016DBE /* Quotables */ = {
			isa = PBXNativeTarget;
			buildConfigurationList = 882310951ADD50AB00016DBE /* Build configuration list for PBXNativeTarget "Quotables" */;
			buildPhases = (
				882310721ADD50AA00016DBE /* Sources */,
				882310731ADD50AA00016DBE /* Frameworks */,
				882310741ADD50AA00016DBE /* Resources */,
				882310D01ADD524D00016DBE /* Embed App Extensions */,
			);
			buildRules = (
			);
			dependencies = (
				882310CF1ADD524D00016DBE /* PBXTargetDependency */,
				882310FB1ADD569F00016DBE /* PBXTargetDependency */,
			);
			name = Quotables;
			productName = Quotables;
			productReference = 882310761ADD50AA00016DBE /* Quotables.app */;
			productType = "com.apple.product-type.application";
		};
		8823108A1ADD50AA00016DBE /* QuotablesTests */ = {
			isa = PBXNativeTarget;
			buildConfigurationList = 882310981ADD50AB00016DBE /* Build configuration list for PBXNativeTarget "QuotablesTests" */;
			buildPhases = (
				882310871ADD50AA00016DBE /* Sources */,
				882310881ADD50AA00016DBE /* Frameworks */,
				882310891ADD50AA00016DBE /* Resources */,
			);
			buildRules = (
			);
			dependencies = (
				8823108D1ADD50AA00016DBE /* PBXTargetDependency */,
			);
			name = QuotablesTests;
			productName = QuotablesTests;
			productReference = 8823108B1ADD50AA00016DBE /* QuotablesTests.xctest */;
			productType = "com.apple.product-type.bundle.unit-test";
		};
		882310C51ADD524D00016DBE /* QuotableShare */ = {
			isa = PBXNativeTarget;
			buildConfigurationList = 882310D21ADD524D00016DBE /* Build configuration list for PBXNativeTarget "QuotableShare" */;
			buildPhases = (
				882310C21ADD524D00016DBE /* Sources */,
				882310C31ADD524D00016DBE /* Frameworks */,
				882310C41ADD524D00016DBE /* Resources */,
			);
			buildRules = (
			);
			dependencies = (
			);
			name = QuotableShare;
			productName = QuotableShare;
			productReference = 882310C61ADD524D00016DBE /* QuotableShare.appex */;
			productType = "com.apple.product-type.app-extension";
		};
		882310EF1ADD569F00016DBE /* QuotablesToday */ = {
			isa = PBXNativeTarget;
			buildConfigurationList = 882310FD1ADD569F00016DBE /* Build configuration list for PBXNativeTarget "QuotablesToday" */;
			buildPhases = (
				882310EC1ADD569F00016DBE /* Sources */,
				882310ED1ADD569F00016DBE /* Frameworks */,
				882310EE1ADD569F00016DBE /* Resources */,
			);
			buildRules = (
			);
			dependencies = (
			);
			name = QuotablesToday;
			productName = QuotablesToday;
			productReference = 882310F01ADD569F00016DBE /* QuotablesToday.appex */;
			productType = "com.apple.product-type.app-extension";
		};
/* End PBXNativeTarget section */

/* Begin PBXProject section */
		8823106E1ADD50AA00016DBE /* Project object */ = {
			isa = PBXProject;
			attributes = {
				LastUpgradeCheck = 0620;
				ORGANIZATIONNAME = windycitylabs;
				TargetAttributes = {
					882310751ADD50AA00016DBE = {
						CreatedOnToolsVersion = 6.2;
						DevelopmentTeam = 3ZZDJNGJUA;
						SystemCapabilities = {
							com.apple.ApplicationGroups.iOS = {
								enabled = 1;
							};
							com.apple.InAppPurchase = {
								enabled = 0;
							};
						};
					};
					8823108A1ADD50AA00016DBE = {
						CreatedOnToolsVersion = 6.2;
						TestTargetID = 882310751ADD50AA00016DBE;
					};
					882310C51ADD524D00016DBE = {
						CreatedOnToolsVersion = 6.2;
						DevelopmentTeam = 3ZZDJNGJUA;
						SystemCapabilities = {
							com.apple.ApplicationGroups.iOS = {
								enabled = 1;
							};
						};
					};
					882310EF1ADD569F00016DBE = {
						CreatedOnToolsVersion = 6.2;
						DevelopmentTeam = 3ZZDJNGJUA;
					};
				};
			};
			buildConfigurationList = 882310711ADD50AA00016DBE /* Build configuration list for PBXProject "Quotables" */;
			compatibilityVersion = "Xcode 3.2";
			developmentRegion = English;
			hasScannedForEncodings = 0;
			knownRegions = (
				en,
				Base,
			);
			mainGroup = 8823106D1ADD50AA00016DBE;
			productRefGroup = 882310771ADD50AA00016DBE /* Products */;
			projectDirPath = "";
			projectRoot = "";
			targets = (
				882310751ADD50AA00016DBE /* Quotables */,
				8823108A1ADD50AA00016DBE /* QuotablesTests */,
				882310C51ADD524D00016DBE /* QuotableShare */,
				882310EF1ADD569F00016DBE /* QuotablesToday */,
			);
		};
/* End PBXProject section */

/* Begin PBXResourcesBuildPhase section */
		882310741ADD50AA00016DBE /* Resources */ = {
			isa = PBXResourcesBuildPhase;
			buildActionMask = 2147483647;
			files = (
				882310811ADD50AA00016DBE /* Main.storyboard in Resources */,
				882310861ADD50AA00016DBE /* LaunchScreen.xib in Resources */,
				882310831ADD50AA00016DBE /* Images.xcassets in Resources */,
			);
			runOnlyForDeploymentPostprocessing = 0;
		};
		882310891ADD50AA00016DBE /* Resources */ = {
			isa = PBXResourcesBuildPhase;
			buildActionMask = 2147483647;
			files = (
			);
			runOnlyForDeploymentPostprocessing = 0;
		};
		882310C41ADD524D00016DBE /* Resources */ = {
			isa = PBXResourcesBuildPhase;
			buildActionMask = 2147483647;
			files = (
				882310CD1ADD524D00016DBE /* MainInterface.storyboard in Resources */,
			);
			runOnlyForDeploymentPostprocessing = 0;
		};
		882310EE1ADD569F00016DBE /* Resources */ = {
			isa = PBXResourcesBuildPhase;
			buildActionMask = 2147483647;
			files = (
				882310F91ADD569F00016DBE /* MainInterface.storyboard in Resources */,
			);
			runOnlyForDeploymentPostprocessing = 0;
		};
/* End PBXResourcesBuildPhase section */

/* Begin PBXSourcesBuildPhase section */
		882310721ADD50AA00016DBE /* Sources */ = {
			isa = PBXSourcesBuildPhase;
			buildActionMask = 2147483647;
			files = (
				882310BE1ADD514900016DBE /* DetailViewController.swift in Sources */,
				882310BF1ADD514900016DBE /* RootViewController.swift in Sources */,
				882310C11ADD515A00016DBE /* Quote.swift in Sources */,
				8823107C1ADD50AA00016DBE /* AppDelegate.swift in Sources */,
				8864F3431ADD714400CA0AA2 /* Utilities.swift in Sources */,
			);
			runOnlyForDeploymentPostprocessing = 0;
		};
		882310871ADD50AA00016DBE /* Sources */ = {
			isa = PBXSourcesBuildPhase;
			buildActionMask = 2147483647;
			files = (
				882310921ADD50AA00016DBE /* QuotablesTests.swift in Sources */,
			);
			runOnlyForDeploymentPostprocessing = 0;
		};
		882310C21ADD524D00016DBE /* Sources */ = {
			isa = PBXSourcesBuildPhase;
			buildActionMask = 2147483647;
			files = (
				882310CB1ADD524D00016DBE /* ShareViewController.swift in Sources */,
				882310E71ADD550600016DBE /* Quote.swift in Sources */,
				8864F3451ADD721500CA0AA2 /* Utilities.swift in Sources */,
			);
			runOnlyForDeploymentPostprocessing = 0;
		};
		882310EC1ADD569F00016DBE /* Sources */ = {
			isa = PBXSourcesBuildPhase;
			buildActionMask = 2147483647;
			files = (
				882310F71ADD569F00016DBE /* TodayViewController.swift in Sources */,
				8823110F1ADD56B500016DBE /* Quote.swift in Sources */,
				8864F3441ADD71A800CA0AA2 /* Utilities.swift in Sources */,
			);
			runOnlyForDeploymentPostprocessing = 0;
		};
/* End PBXSourcesBuildPhase section */

/* Begin PBXTargetDependency section */
		8823108D1ADD50AA00016DBE /* PBXTargetDependency */ = {
			isa = PBXTargetDependency;
			target = 882310751ADD50AA00016DBE /* Quotables */;
			targetProxy = 8823108C1ADD50AA00016DBE /* PBXContainerItemProxy */;
		};
		882310CF1ADD524D00016DBE /* PBXTargetDependency */ = {
			isa = PBXTargetDependency;
			target = 882310C51ADD524D00016DBE /* QuotableShare */;
			targetProxy = 882310CE1ADD524D00016DBE /* PBXContainerItemProxy */;
		};
		882310FB1ADD569F00016DBE /* PBXTargetDependency */ = {
			isa = PBXTargetDependency;
			target = 882310EF1ADD569F00016DBE /* QuotablesToday */;
			targetProxy = 882310FA1ADD569F00016DBE /* PBXContainerItemProxy */;
		};
/* End PBXTargetDependency section */

/* Begin PBXVariantGroup section */
		8823107F1ADD50AA00016DBE /* Main.storyboard */ = {
			isa = PBXVariantGroup;
			children = (
				882310801ADD50AA00016DBE /* Base */,
			);
			name = Main.storyboard;
			sourceTree = "<group>";
		};
		882310841ADD50AA00016DBE /* LaunchScreen.xib */ = {
			isa = PBXVariantGroup;
			children = (
				882310851ADD50AA00016DBE /* Base */,
			);
			name = LaunchScreen.xib;
			sourceTree = "<group>";
		};
/* End PBXVariantGroup section */

/* Begin XCBuildConfiguration section */
		882310931ADD50AB00016DBE /* Debug */ = {
			isa = XCBuildConfiguration;
			buildSettings = {
				ALWAYS_SEARCH_USER_PATHS = NO;
				CLANG_CXX_LANGUAGE_STANDARD = "gnu++0x";
				CLANG_CXX_LIBRARY = "libc++";
				CLANG_ENABLE_MODULES = YES;
				CLANG_ENABLE_OBJC_ARC = YES;
				CLANG_WARN_BOOL_CONVERSION = YES;
				CLANG_WARN_CONSTANT_CONVERSION = YES;
				CLANG_WARN_DIRECT_OBJC_ISA_USAGE = YES_ERROR;
				CLANG_WARN_EMPTY_BODY = YES;
				CLANG_WARN_ENUM_CONVERSION = YES;
				CLANG_WARN_INT_CONVERSION = YES;
				CLANG_WARN_OBJC_ROOT_CLASS = YES_ERROR;
				CLANG_WARN_UNREACHABLE_CODE = YES;
				CLANG_WARN__DUPLICATE_METHOD_MATCH = YES;
				"CODE_SIGN_IDENTITY[sdk=iphoneos*]" = "iPhone Developer";
				COPY_PHASE_STRIP = NO;
				ENABLE_STRICT_OBJC_MSGSEND = YES;
				GCC_C_LANGUAGE_STANDARD = gnu99;
				GCC_DYNAMIC_NO_PIC = NO;
				GCC_OPTIMIZATION_LEVEL = 0;
				GCC_PREPROCESSOR_DEFINITIONS = (
					"DEBUG=1",
					"$(inherited)",
				);
				GCC_SYMBOLS_PRIVATE_EXTERN = NO;
				GCC_WARN_64_TO_32_BIT_CONVERSION = YES;
				GCC_WARN_ABOUT_RETURN_TYPE = YES_ERROR;
				GCC_WARN_UNDECLARED_SELECTOR = YES;
				GCC_WARN_UNINITIALIZED_AUTOS = YES_AGGRESSIVE;
				GCC_WARN_UNUSED_FUNCTION = YES;
				GCC_WARN_UNUSED_VARIABLE = YES;
				IPHONEOS_DEPLOYMENT_TARGET = 8.2;
				MTL_ENABLE_DEBUG_INFO = YES;
				ONLY_ACTIVE_ARCH = YES;
				SDKROOT = iphoneos;
				SWIFT_OPTIMIZATION_LEVEL = "-Onone";
			};
			name = Debug;
		};
		882310941ADD50AB00016DBE /* Release */ = {
			isa = XCBuildConfiguration;
			buildSettings = {
				ALWAYS_SEARCH_USER_PATHS = NO;
				CLANG_CXX_LANGUAGE_STANDARD = "gnu++0x";
				CLANG_CXX_LIBRARY = "libc++";
				CLANG_ENABLE_MODULES = YES;
				CLANG_ENABLE_OBJC_ARC = YES;
				CLANG_WARN_BOOL_CONVERSION = YES;
				CLANG_WARN_CONSTANT_CONVERSION = YES;
				CLANG_WARN_DIRECT_OBJC_ISA_USAGE = YES_ERROR;
				CLANG_WARN_EMPTY_BODY = YES;
				CLANG_WARN_ENUM_CONVERSION = YES;
				CLANG_WARN_INT_CONVERSION = YES;
				CLANG_WARN_OBJC_ROOT_CLASS = YES_ERROR;
				CLANG_WARN_UNREACHABLE_CODE = YES;
				CLANG_WARN__DUPLICATE_METHOD_MATCH = YES;
				"CODE_SIGN_IDENTITY[sdk=iphoneos*]" = "iPhone Developer";
				COPY_PHASE_STRIP = NO;
				ENABLE_NS_ASSERTIONS = NO;
				ENABLE_STRICT_OBJC_MSGSEND = YES;
				GCC_C_LANGUAGE_STANDARD = gnu99;
				GCC_WARN_64_TO_32_BIT_CONVERSION = YES;
				GCC_WARN_ABOUT_RETURN_TYPE = YES_ERROR;
				GCC_WARN_UNDECLARED_SELECTOR = YES;
				GCC_WARN_UNINITIALIZED_AUTOS = YES_AGGRESSIVE;
				GCC_WARN_UNUSED_FUNCTION = YES;
				GCC_WARN_UNUSED_VARIABLE = YES;
				IPHONEOS_DEPLOYMENT_TARGET = 8.2;
				MTL_ENABLE_DEBUG_INFO = NO;
				SDKROOT = iphoneos;
				VALIDATE_PRODUCT = YES;
			};
			name = Release;
		};
		882310961ADD50AB00016DBE /* Debug */ = {
			isa = XCBuildConfiguration;
			buildSettings = {
				ASSETCATALOG_COMPILER_APPICON_NAME = AppIcon;
				CODE_SIGN_ENTITLEMENTS = Quotables/Quotables.entitlements;
				CODE_SIGN_IDENTITY = "iPhone Developer";
				"CODE_SIGN_IDENTITY[sdk=iphoneos*]" = "iPhone Developer";
				EMBEDDED_CONTENT_CONTAINS_SWIFT = YES;
				FRAMEWORK_SEARCH_PATHS = (
					"$(inherited)",
					"$(PROJECT_DIR)",
				);
				INFOPLIST_FILE = Quotables/Info.plist;
				IPHONEOS_DEPLOYMENT_TARGET = 8.3;
				LD_RUNPATH_SEARCH_PATHS = "$(inherited) @executable_path/Frameworks";
				PRODUCT_NAME = "$(TARGET_NAME)";
				PROVISIONING_PROFILE = "";
				SWIFT_OBJC_BRIDGING_HEADER = "Quotables/Quotables-Bridging-Header.h";
				TARGETED_DEVICE_FAMILY = "1,2";
			};
			name = Debug;
		};
		882310971ADD50AB00016DBE /* Release */ = {
			isa = XCBuildConfiguration;
			buildSettings = {
				ASSETCATALOG_COMPILER_APPICON_NAME = AppIcon;
				CODE_SIGN_ENTITLEMENTS = Quotables/Quotables.entitlements;
				CODE_SIGN_IDENTITY = "iPhone Developer";
				"CODE_SIGN_IDENTITY[sdk=iphoneos*]" = "iPhone Developer";
				EMBEDDED_CONTENT_CONTAINS_SWIFT = YES;
				FRAMEWORK_SEARCH_PATHS = (
					"$(inherited)",
					"$(PROJECT_DIR)",
				);
				INFOPLIST_FILE = Quotables/Info.plist;
				IPHONEOS_DEPLOYMENT_TARGET = 8.3;
				LD_RUNPATH_SEARCH_PATHS = "$(inherited) @executable_path/Frameworks";
				PRODUCT_NAME = "$(TARGET_NAME)";
				PROVISIONING_PROFILE = "";
				SWIFT_OBJC_BRIDGING_HEADER = "Quotables/Quotables-Bridging-Header.h";
				TARGETED_DEVICE_FAMILY = "1,2";
			};
			name = Release;
		};
		882310991ADD50AB00016DBE /* Debug */ = {
			isa = XCBuildConfiguration;
			buildSettings = {
				BUNDLE_LOADER = "$(TEST_HOST)";
				FRAMEWORK_SEARCH_PATHS = (
					"$(SDKROOT)/Developer/Library/Frameworks",
					"$(inherited)",
				);
				GCC_PREPROCESSOR_DEFINITIONS = (
					"DEBUG=1",
					"$(inherited)",
				);
				INFOPLIST_FILE = QuotablesTests/Info.plist;
				LD_RUNPATH_SEARCH_PATHS = "$(inherited) @executable_path/Frameworks @loader_path/Frameworks";
				PRODUCT_NAME = "$(TARGET_NAME)";
				SWIFT_OBJC_BRIDGING_HEADER = "Quotables/Quotables-Bridging-Header.h";
				"SWIFT_OBJC_BRIDGING_HEADER[arch=*]" = "";
				TEST_HOST = "$(BUILT_PRODUCTS_DIR)/Quotables.app/Quotables";
			};
			name = Debug;
		};
		8823109A1ADD50AB00016DBE /* Release */ = {
			isa = XCBuildConfiguration;
			buildSettings = {
				BUNDLE_LOADER = "$(TEST_HOST)";
				FRAMEWORK_SEARCH_PATHS = (
					"$(SDKROOT)/Developer/Library/Frameworks",
					"$(inherited)",
				);
				INFOPLIST_FILE = QuotablesTests/Info.plist;
				LD_RUNPATH_SEARCH_PATHS = "$(inherited) @executable_path/Frameworks @loader_path/Frameworks";
				PRODUCT_NAME = "$(TARGET_NAME)";
				SWIFT_OBJC_BRIDGING_HEADER = "Quotables/Quotables-Bridging-Header.h";
				"SWIFT_OBJC_BRIDGING_HEADER[arch=*]" = "";
				TEST_HOST = "$(BUILT_PRODUCTS_DIR)/Quotables.app/Quotables";
			};
			name = Release;
		};
		882310D31ADD524D00016DBE /* Debug */ = {
			isa = XCBuildConfiguration;
			buildSettings = {
				CODE_SIGN_ENTITLEMENTS = QuotableShare/QuotableShare.entitlements;
				CODE_SIGN_IDENTITY = "iPhone Developer";
				"CODE_SIGN_IDENTITY[sdk=iphoneos*]" = "iPhone Developer";
				FRAMEWORK_SEARCH_PATHS = (
					"$(inherited)",
					"$(PROJECT_DIR)",
				);
				GCC_PREPROCESSOR_DEFINITIONS = (
					"DEBUG=1",
					"$(inherited)",
				);
				INFOPLIST_FILE = QuotableShare/Info.plist;
				LD_RUNPATH_SEARCH_PATHS = "$(inherited) @executable_path/Frameworks @executable_path/../../Frameworks";
				PRODUCT_NAME = "$(TARGET_NAME)";
				PROVISIONING_PROFILE = "";
				SKIP_INSTALL = YES;
				SWIFT_OBJC_BRIDGING_HEADER = "Quotables/Quotables-Bridging-Header.h";
				"SWIFT_OBJC_BRIDGING_HEADER[arch=*]" = "Quotables/Quotables-Bridging-Header.h";
			};
			name = Debug;
		};
		882310D41ADD524D00016DBE /* Release */ = {
			isa = XCBuildConfiguration;
			buildSettings = {
				CODE_SIGN_ENTITLEMENTS = QuotableShare/QuotableShare.entitlements;
				CODE_SIGN_IDENTITY = "iPhone Developer";
				"CODE_SIGN_IDENTITY[sdk=iphoneos*]" = "iPhone Developer";
				FRAMEWORK_SEARCH_PATHS = (
					"$(inherited)",
					"$(PROJECT_DIR)",
				);
				INFOPLIST_FILE = QuotableShare/Info.plist;
				LD_RUNPATH_SEARCH_PATHS = "$(inherited) @executable_path/Frameworks @executable_path/../../Frameworks";
				PRODUCT_NAME = "$(TARGET_NAME)";
				PROVISIONING_PROFILE = "";
				SKIP_INSTALL = YES;
				SWIFT_OBJC_BRIDGING_HEADER = "Quotables/Quotables-Bridging-Header.h";
				"SWIFT_OBJC_BRIDGING_HEADER[arch=*]" = "Quotables/Quotables-Bridging-Header.h";
			};
			name = Release;
		};
		882310FE1ADD569F00016DBE /* Debug */ = {
			isa = XCBuildConfiguration;
			buildSettings = {
				CODE_SIGN_IDENTITY = "iPhone Developer";
				"CODE_SIGN_IDENTITY[sdk=iphoneos*]" = "iPhone Developer";
				FRAMEWORK_SEARCH_PATHS = (
					"$(inherited)",
					"$(PROJECT_DIR)",
				);
				GCC_PREPROCESSOR_DEFINITIONS = (
					"DEBUG=1",
					"$(inherited)",
				);
				INFOPLIST_FILE = QuotablesToday/Info.plist;
				LD_RUNPATH_SEARCH_PATHS = "$(inherited) @executable_path/Frameworks @executable_path/../../Frameworks";
				PRODUCT_NAME = "$(TARGET_NAME)";
				SKIP_INSTALL = YES;
				SWIFT_OBJC_BRIDGING_HEADER = "Quotables/Quotables-Bridging-Header.h";
				"SWIFT_OBJC_BRIDGING_HEADER[arch=*]" = "Quotables/Quotables-Bridging-Header.h";
			};
			name = Debug;
		};
		882310FF1ADD569F00016DBE /* Release */ = {
			isa = XCBuildConfiguration;
			buildSettings = {
				CODE_SIGN_IDENTITY = "iPhone Developer";
				"CODE_SIGN_IDENTITY[sdk=iphoneos*]" = "iPhone Developer";
				FRAMEWORK_SEARCH_PATHS = (
					"$(inherited)",
					"$(PROJECT_DIR)",
				);
				INFOPLIST_FILE = QuotablesToday/Info.plist;
				LD_RUNPATH_SEARCH_PATHS = "$(inherited) @executable_path/Frameworks @executable_path/../../Frameworks";
				PRODUCT_NAME = "$(TARGET_NAME)";
				SKIP_INSTALL = YES;
				SWIFT_OBJC_BRIDGING_HEADER = "Quotables/Quotables-Bridging-Header.h";
				"SWIFT_OBJC_BRIDGING_HEADER[arch=*]" = "Quotables/Quotables-Bridging-Header.h";
			};
			name = Release;
		};
/* End XCBuildConfiguration section */

/* Begin XCConfigurationList section */
		882310711ADD50AA00016DBE /* Build configuration list for PBXProject "Quotables" */ = {
			isa = XCConfigurationList;
			buildConfigurations = (
				882310931ADD50AB00016DBE /* Debug */,
				882310941ADD50AB00016DBE /* Release */,
			);
			defaultConfigurationIsVisible = 0;
			defaultConfigurationName = Release;
		};
		882310951ADD50AB00016DBE /* Build configuration list for PBXNativeTarget "Quotables" */ = {
			isa = XCConfigurationList;
			buildConfigurations = (
				882310961ADD50AB00016DBE /* Debug */,
				882310971ADD50AB00016DBE /* Release */,
			);
			defaultConfigurationIsVisible = 0;
			defaultConfigurationName = Release;
		};
		882310981ADD50AB00016DBE /* Build configuration list for PBXNativeTarget "QuotablesTests" */ = {
			isa = XCConfigurationList;
			buildConfigurations = (
				882310991ADD50AB00016DBE /* Debug */,
				8823109A1ADD50AB00016DBE /* Release */,
			);
			defaultConfigurationIsVisible = 0;
			defaultConfigurationName = Release;
		};
		882310D21ADD524D00016DBE /* Build configuration list for PBXNativeTarget "QuotableShare" */ = {
			isa = XCConfigurationList;
			buildConfigurations = (
				882310D31ADD524D00016DBE /* Debug */,
				882310D41ADD524D00016DBE /* Release */,
			);
			defaultConfigurationIsVisible = 0;
			defaultConfigurationName = Release;
		};
		882310FD1ADD569F00016DBE /* Build configuration list for PBXNativeTarget "QuotablesToday" */ = {
			isa = XCConfigurationList;
			buildConfigurations = (
				882310FE1ADD569F00016DBE /* Debug */,
				882310FF1ADD569F00016DBE /* Release */,
			);
			defaultConfigurationIsVisible = 0;
			defaultConfigurationName = Release;
		};
/* End XCConfigurationList section */
	};
	rootObject = 8823106E1ADD50AA00016DBE /* Project object */;
}
